
Microsoft Visual Studio Solution File, Format Version 12.00
# Visual Studio Version 17
VisualStudioVersion = 17.2.32616.157
MinimumVisualStudioVersion = 10.0.40219.1
Project("{9A19103F-16F7-4668-BE54-9A1E7A4F7556}") = "Saturn.UsersService", "Saturn.UsersService\Saturn.UsersService.csproj", "{E1709DDE-A3C5-4CC8-82F9-3D9DF02C89DB}"
EndProject
Project("{9A19103F-16F7-4668-BE54-9A1E7A4F7556}") = "Saturn.CommonLibrary", "Saturn.CommonLibrary\Saturn.CommonLibrary.csproj", "{1640295C-BBA0-4A8A-B6E3-C8387F001CAA}"
EndProject
Global
	GlobalSection(SolutionConfigurationPlatforms) = preSolution
		Debug|Any CPU = Debug|Any CPU
		Doker|Any CPU = Doker|Any CPU
		Release|Any CPU = Release|Any CPU
	EndGlobalSection
	GlobalSection(ProjectConfigurationPlatforms) = postSolution
		{E1709DDE-A3C5-4CC8-82F9-3D9DF02C89DB}.Debug|Any CPU.ActiveCfg = Debug|Any CPU
		{E1709DDE-A3C5-4CC8-82F9-3D9DF02C89DB}.Debug|Any CPU.Build.0 = Debug|Any CPU
		{E1709DDE-A3C5-4CC8-82F9-3D9DF02C89DB}.Doker|Any CPU.ActiveCfg = Doker|Any CPU
		{E1709DDE-A3C5-4CC8-82F9-3D9DF02C89DB}.Doker|Any CPU.Build.0 = Doker|Any CPU
		{E1709DDE-A3C5-4CC8-82F9-3D9DF02C89DB}.Release|Any CPU.ActiveCfg = Release|Any CPU
		{E1709DDE-A3C5-4CC8-82F9-3D9DF02C89DB}.Release|Any CPU.Build.0 = Release|Any CPU
		{1640295C-BBA0-4A8A-B6E3-C8387F001CAA}.Debug|Any CPU.ActiveCfg = Debug|Any CPU
		{1640295C-BBA0-4A8A-B6E3-C8387F001CAA}.Debug|Any CPU.Build.0 = Debug|Any CPU
		{1640295C-BBA0-4A8A-B6E3-C8387F001CAA}.Doker|Any CPU.ActiveCfg = Doker|Any CPU
		{1640295C-BBA0-4A8A-B6E3-C8387F001CAA}.Doker|Any CPU.Build.0 = Doker|Any CPU
		{1640295C-BBA0-4A8A-B6E3-C8387F001CAA}.Release|Any CPU.ActiveCfg = Release|Any CPU
		{1640295C-BBA0-4A8A-B6E3-C8387F001CAA}.Release|Any CPU.Build.0 = Release|Any CPU
	EndGlobalSection
	GlobalSection(SolutionProperties) = preSolution
		HideSolutionNode = FALSE
	EndGlobalSection
	GlobalSection(ExtensibilityGlobals) = postSolution
		SolutionGuid = {C2322192-CB49-4062-A0F3-90C3AB8166BE}
	EndGlobalSection
EndGlobal
